{
  "name": "@vitalfin/antigravity-context-monitor",
  "version": "1.6.0",
  "lockfileVersion": 3,
  "requires": true,
  "packages": {
    "": {
      "name": "@vitalfin/antigravity-context-monitor",
      "version": "1.6.0",
      "license": "BUSL-1.1",
      "engines": {
        "node": ">=18.0.0"
      }
    }
  }
}
